// !$*UTF8*$!
{
	archiveVersion = 1;
	classes = {
	};
	objectVersion = 48;
	objects = {

/* Begin PBXBuildFile section */
		892D91734C3E00133A886FDD /* libPods-sphtech.a in Frameworks */ = {isa = PBXBuildFile; fileRef = 0C59482FA9C3749426DFBD5D /* libPods-sphtech.a */; };
		9D5A7D47EC87360D1E2E3E3C /* libPods-sphtechUITests.a in Frameworks */ = {isa = PBXBuildFile; fileRef = 86E8146E62FB2D66AFE6DE8C /* libPods-sphtechUITests.a */; };
		C46A505721ECA56B00BBAC1A /* AppDelegate.m in Sources */ = {isa = PBXBuildFile; fileRef = C46A505621ECA56B00BBAC1A /* AppDelegate.m */; };
		C46A505A21ECA56B00BBAC1A /* ViewController.m in Sources */ = {isa = PBXBuildFile; fileRef = C46A505921ECA56B00BBAC1A /* ViewController.m */; };
		C46A505D21ECA56B00BBAC1A /* Main.storyboard in Resources */ = {isa = PBXBuildFile; fileRef = C46A505B21ECA56B00BBAC1A /* Main.storyboard */; };
		C46A505F21ECA56B00BBAC1A /* Assets.xcassets in Resources */ = {isa = PBXBuildFile; fileRef = C46A505E21ECA56B00BBAC1A /* Assets.xcassets */; };
		C46A506221ECA56B00BBAC1A /* LaunchScreen.storyboard in Resources */ = {isa = PBXBuildFile; fileRef = C46A506021ECA56B00BBAC1A /* LaunchScreen.storyboard */; };
		C46A506521ECA56B00BBAC1A /* main.m in Sources */ = {isa = PBXBuildFile; fileRef = C46A506421ECA56B00BBAC1A /* main.m */; };
		C46A506F21ECA56B00BBAC1A /* sphtechTests.m in Sources */ = {isa = PBXBuildFile; fileRef = C46A506E21ECA56B00BBAC1A /* sphtechTests.m */; };
		C46A507A21ECA56B00BBAC1A /* sphtechUITests.m in Sources */ = {isa = PBXBuildFile; fileRef = C46A507921ECA56B00BBAC1A /* sphtechUITests.m */; };
		C46A50A321ECA85D00BBAC1A /* NSDateFormatter+StaticInstance.m in Sources */ = {isa = PBXBuildFile; fileRef = C46A509521ECA85C00BBAC1A /* NSDateFormatter+StaticInstance.m */; };
		C46A50A421ECA85D00BBAC1A /* NSDateFormatter+StaticInstance.m in Sources */ = {isa = PBXBuildFile; fileRef = C46A509521ECA85C00BBAC1A /* NSDateFormatter+StaticInstance.m */; };
		C46A50A521ECA85D00BBAC1A /* UIViewController+Additions.m in Sources */ = {isa = PBXBuildFile; fileRef = C46A509621ECA85C00BBAC1A /* UIViewController+Additions.m */; };
		C46A50A621ECA85D00BBAC1A /* UIViewController+Additions.m in Sources */ = {isa = PBXBuildFile; fileRef = C46A509621ECA85C00BBAC1A /* UIViewController+Additions.m */; };
		C46A50A721ECA85D00BBAC1A /* NSString+Additions.m in Sources */ = {isa = PBXBuildFile; fileRef = C46A509B21ECA85C00BBAC1A /* NSString+Additions.m */; };
		C46A50A821ECA85D00BBAC1A /* NSString+Additions.m in Sources */ = {isa = PBXBuildFile; fileRef = C46A509B21ECA85C00BBAC1A /* NSString+Additions.m */; };
		C46A50A921ECA85D00BBAC1A /* UIAlertController+Convenience.m in Sources */ = {isa = PBXBuildFile; fileRef = C46A509D21ECA85D00BBAC1A /* UIAlertController+Convenience.m */; };
		C46A50AA21ECA85D00BBAC1A /* UIAlertController+Convenience.m in Sources */ = {isa = PBXBuildFile; fileRef = C46A509D21ECA85D00BBAC1A /* UIAlertController+Convenience.m */; };
		C46A50AB21ECA85D00BBAC1A /* UILabel+Format.m in Sources */ = {isa = PBXBuildFile; fileRef = C46A509E21ECA85D00BBAC1A /* UILabel+Format.m */; };
		C46A50AC21ECA85D00BBAC1A /* UILabel+Format.m in Sources */ = {isa = PBXBuildFile; fileRef = C46A509E21ECA85D00BBAC1A /* UILabel+Format.m */; };
		C46A50AD21ECA85D00BBAC1A /* UIButton+Format.m in Sources */ = {isa = PBXBuildFile; fileRef = C46A509F21ECA85D00BBAC1A /* UIButton+Format.m */; };
		C46A50AE21ECA85D00BBAC1A /* UIButton+Format.m in Sources */ = {isa = PBXBuildFile; fileRef = C46A509F21ECA85D00BBAC1A /* UIButton+Format.m */; };
		C46A50AF21ECA85D00BBAC1A /* UIColor+More.m in Sources */ = {isa = PBXBuildFile; fileRef = C46A50A021ECA85D00BBAC1A /* UIColor+More.m */; };
		C46A50B021ECA85D00BBAC1A /* UIColor+More.m in Sources */ = {isa = PBXBuildFile; fileRef = C46A50A021ECA85D00BBAC1A /* UIColor+More.m */; };
		C46A50B121ECA85D00BBAC1A /* NSObject+Cast.m in Sources */ = {isa = PBXBuildFile; fileRef = C46A50A121ECA85D00BBAC1A /* NSObject+Cast.m */; };
		C46A50B221ECA85D00BBAC1A /* NSObject+Cast.m in Sources */ = {isa = PBXBuildFile; fileRef = C46A50A121ECA85D00BBAC1A /* NSObject+Cast.m */; };
		C46A50C121ECA9F800BBAC1A /* GE_Dinar_Two_Light.otf in Resources */ = {isa = PBXBuildFile; fileRef = C46A50B521ECA9F800BBAC1A /* GE_Dinar_Two_Light.otf */; };
		C46A50C221ECA9F800BBAC1A /* GE_Dinar_Two_Light.otf in Resources */ = {isa = PBXBuildFile; fileRef = C46A50B521ECA9F800BBAC1A /* GE_Dinar_Two_Light.otf */; };
		C46A50C321ECA9F800BBAC1A /* Seravek.otf in Resources */ = {isa = PBXBuildFile; fileRef = C46A50B621ECA9F800BBAC1A /* Seravek.otf */; };
		C46A50C421ECA9F800BBAC1A /* Seravek.otf in Resources */ = {isa = PBXBuildFile; fileRef = C46A50B621ECA9F800BBAC1A /* Seravek.otf */; };
		C46A50C521ECA9F800BBAC1A /* Seravek-Bold.otf in Resources */ = {isa = PBXBuildFile; fileRef = C46A50B721ECA9F800BBAC1A /* Seravek-Bold.otf */; };
		C46A50C621ECA9F800BBAC1A /* Seravek-Bold.otf in Resources */ = {isa = PBXBuildFile; fileRef = C46A50B721ECA9F800BBAC1A /* Seravek-Bold.otf */; };
		C46A50C721ECA9F800BBAC1A /* Seravek-LightItalic.otf in Resources */ = {isa = PBXBuildFile; fileRef = C46A50B821ECA9F800BBAC1A /* Seravek-LightItalic.otf */; };
		C46A50C821ECA9F800BBAC1A /* Seravek-LightItalic.otf in Resources */ = {isa = PBXBuildFile; fileRef = C46A50B821ECA9F800BBAC1A /* Seravek-LightItalic.otf */; };
		C46A50C921ECA9F800BBAC1A /* Seravek-ExtraLightItalic.otf in Resources */ = {isa = PBXBuildFile; fileRef = C46A50B921ECA9F800BBAC1A /* Seravek-ExtraLightItalic.otf */; };
		C46A50CA21ECA9F800BBAC1A /* Seravek-ExtraLightItalic.otf in Resources */ = {isa = PBXBuildFile; fileRef = C46A50B921ECA9F800BBAC1A /* Seravek-ExtraLightItalic.otf */; };
		C46A50CB21ECA9F800BBAC1A /* Seravek-Italic.otf in Resources */ = {isa = PBXBuildFile; fileRef = C46A50BA21ECA9F800BBAC1A /* Seravek-Italic.otf */; };
		C46A50CC21ECA9F800BBAC1A /* Seravek-Italic.otf in Resources */ = {isa = PBXBuildFile; fileRef = C46A50BA21ECA9F800BBAC1A /* Seravek-Italic.otf */; };
		C46A50CD21ECA9F800BBAC1A /* Seravek-Medium.otf in Resources */ = {isa = PBXBuildFile; fileRef = C46A50BB21ECA9F800BBAC1A /* Seravek-Medium.otf */; };
		C46A50CE21ECA9F800BBAC1A /* Seravek-Medium.otf in Resources */ = {isa = PBXBuildFile; fileRef = C46A50BB21ECA9F800BBAC1A /* Seravek-Medium.otf */; };
		C46A50CF21ECA9F800BBAC1A /* Seravek-MediumItalic.otf in Resources */ = {isa = PBXBuildFile; fileRef = C46A50BC21ECA9F800BBAC1A /* Seravek-MediumItalic.otf */; };
		C46A50D021ECA9F800BBAC1A /* Seravek-MediumItalic.otf in Resources */ = {isa = PBXBuildFile; fileRef = C46A50BC21ECA9F800BBAC1A /* Seravek-MediumItalic.otf */; };
		C46A50D121ECA9F800BBAC1A /* GE_Dinar_Two_Medium.otf in Resources */ = {isa = PBXBuildFile; fileRef = C46A50BD21ECA9F800BBAC1A /* GE_Dinar_Two_Medium.otf */; };
		C46A50D221ECA9F800BBAC1A /* GE_Dinar_Two_Medium.otf in Resources */ = {isa = PBXBuildFile; fileRef = C46A50BD21ECA9F800BBAC1A /* GE_Dinar_Two_Medium.otf */; };
		C46A50D321ECA9F900BBAC1A /* Seravek-Light.otf in Resources */ = {isa = PBXBuildFile; fileRef = C46A50BE21ECA9F800BBAC1A /* Seravek-Light.otf */; };
		C46A50D421ECA9F900BBAC1A /* Seravek-Light.otf in Resources */ = {isa = PBXBuildFile; fileRef = C46A50BE21ECA9F800BBAC1A /* Seravek-Light.otf */; };
		C46A50D521ECA9F900BBAC1A /* Seravek-ExtraLight.otf in Resources */ = {isa = PBXBuildFile; fileRef = C46A50BF21ECA9F800BBAC1A /* Seravek-ExtraLight.otf */; };
		C46A50D621ECA9F900BBAC1A /* Seravek-ExtraLight.otf in Resources */ = {isa = PBXBuildFile; fileRef = C46A50BF21ECA9F800BBAC1A /* Seravek-ExtraLight.otf */; };
		C46A50D721ECA9F900BBAC1A /* Seravek-BoldItalic.otf in Resources */ = {isa = PBXBuildFile; fileRef = C46A50C021ECA9F800BBAC1A /* Seravek-BoldItalic.otf */; };
		C46A50D821ECA9F900BBAC1A /* Seravek-BoldItalic.otf in Resources */ = {isa = PBXBuildFile; fileRef = C46A50C021ECA9F800BBAC1A /* Seravek-BoldItalic.otf */; };
		DD35BF7C041322E13C18D747 /* libPods-sphtechTests.a in Frameworks */ = {isa = PBXBuildFile; fileRef = 1B4E43B6E62E62D075BDD39F /* libPods-sphtechTests.a */; };
/* End PBXBuildFile section */

/* Begin PBXContainerItemProxy section */
		C46A506B21ECA56B00BBAC1A /* PBXContainerItemProxy */ = {
			isa = PBXContainerItemProxy;
			containerPortal = C46A504A21ECA56A00BBAC1A /* Project object */;
			proxyType = 1;
			remoteGlobalIDString = C46A505121ECA56A00BBAC1A;
			remoteInfo = sphtech;
		};
		C46A507621ECA56B00BBAC1A /* PBXContainerItemProxy */ = {
			isa = PBXContainerItemProxy;
			containerPortal = C46A504A21ECA56A00BBAC1A /* Project object */;
			proxyType = 1;
			remoteGlobalIDString = C46A505121ECA56A00BBAC1A;
			remoteInfo = sphtech;
		};
/* End PBXContainerItemProxy section */

/* Begin PBXFileReference section */
		0C59482FA9C3749426DFBD5D /* libPods-sphtech.a */ = {isa = PBXFileReference; explicitFileType = archive.ar; includeInIndex = 0; path = "libPods-sphtech.a"; sourceTree = BUILT_PRODUCTS_DIR; };
		1B4E43B6E62E62D075BDD39F /* libPods-sphtechTests.a */ = {isa = PBXFileReference; explicitFileType = archive.ar; includeInIndex = 0; path = "libPods-sphtechTests.a"; sourceTree = BUILT_PRODUCTS_DIR; };
		283C6FAFFDF55FEC366886BD /* Pods-sphtechUITests.release.xcconfig */ = {isa = PBXFileReference; includeInIndex = 1; lastKnownFileType = text.xcconfig; name = "Pods-sphtechUITests.release.xcconfig"; path = "Pods/Target Support Files/Pods-sphtechUITests/Pods-sphtechUITests.release.xcconfig"; sourceTree = "<group>"; };
		4D68D04FEC42D700C81DD1AD /* Pods-sphtechTests.release.xcconfig */ = {isa = PBXFileReference; includeInIndex = 1; lastKnownFileType = text.xcconfig; name = "Pods-sphtechTests.release.xcconfig"; path = "Pods/Target Support Files/Pods-sphtechTests/Pods-sphtechTests.release.xcconfig"; sourceTree = "<group>"; };
		7ED933486340A6181482CDC1 /* Pods-sphtech.release.xcconfig */ = {isa = PBXFileReference; includeInIndex = 1; lastKnownFileType = text.xcconfig; name = "Pods-sphtech.release.xcconfig"; path = "Pods/Target Support Files/Pods-sphtech/Pods-sphtech.release.xcconfig"; sourceTree = "<group>"; };
		86E8146E62FB2D66AFE6DE8C /* libPods-sphtechUITests.a */ = {isa = PBXFileReference; explicitFileType = archive.ar; includeInIndex = 0; path = "libPods-sphtechUITests.a"; sourceTree = BUILT_PRODUCTS_DIR; };
		965466B72329E064443A882D /* Pods-sphtechTests.debug.xcconfig */ = {isa = PBXFileReference; includeInIndex = 1; lastKnownFileType = text.xcconfig; name = "Pods-sphtechTests.debug.xcconfig"; path = "Pods/Target Support Files/Pods-sphtechTests/Pods-sphtechTests.debug.xcconfig"; sourceTree = "<group>"; };
		A5E7FCB7E87EBA2158319692 /* Pods-sphtechUITests.debug.xcconfig */ = {isa = PBXFileReference; includeInIndex = 1; lastKnownFileType = text.xcconfig; name = "Pods-sphtechUITests.debug.xcconfig"; path = "Pods/Target Support Files/Pods-sphtechUITests/Pods-sphtechUITests.debug.xcconfig"; sourceTree = "<group>"; };
		C46A505221ECA56A00BBAC1A /* sphtech.app */ = {isa = PBXFileReference; explicitFileType = wrapper.application; includeInIndex = 0; path = sphtech.app; sourceTree = BUILT_PRODUCTS_DIR; };
		C46A505521ECA56B00BBAC1A /* AppDelegate.h */ = {isa = PBXFileReference; lastKnownFileType = sourcecode.c.h; path = AppDelegate.h; sourceTree = "<group>"; };
		C46A505621ECA56B00BBAC1A /* AppDelegate.m */ = {isa = PBXFileReference; lastKnownFileType = sourcecode.c.objc; path = AppDelegate.m; sourceTree = "<group>"; };
		C46A505821ECA56B00BBAC1A /* ViewController.h */ = {isa = PBXFileReference; lastKnownFileType = sourcecode.c.h; path = ViewController.h; sourceTree = "<group>"; };
		C46A505921ECA56B00BBAC1A /* ViewController.m */ = {isa = PBXFileReference; lastKnownFileType = sourcecode.c.objc; path = ViewController.m; sourceTree = "<group>"; };
		C46A505C21ECA56B00BBAC1A /* Base */ = {isa = PBXFileReference; lastKnownFileType = file.storyboard; name = Base; path = Base.lproj/Main.storyboard; sourceTree = "<group>"; };
		C46A505E21ECA56B00BBAC1A /* Assets.xcassets */ = {isa = PBXFileReference; lastKnownFileType = folder.assetcatalog; path = Assets.xcassets; sourceTree = "<group>"; };
		C46A506121ECA56B00BBAC1A /* Base */ = {isa = PBXFileReference; lastKnownFileType = file.storyboard; name = Base; path = Base.lproj/LaunchScreen.storyboard; sourceTree = "<group>"; };
		C46A506321ECA56B00BBAC1A /* Info.plist */ = {isa = PBXFileReference; lastKnownFileType = text.plist.xml; path = Info.plist; sourceTree = "<group>"; };
		C46A506421ECA56B00BBAC1A /* main.m */ = {isa = PBXFileReference; lastKnownFileType = sourcecode.c.objc; path = main.m; sourceTree = "<group>"; };
		C46A506A21ECA56B00BBAC1A /* sphtechTests.xctest */ = {isa = PBXFileReference; explicitFileType = wrapper.cfbundle; includeInIndex = 0; path = sphtechTests.xctest; sourceTree = BUILT_PRODUCTS_DIR; };
		C46A506E21ECA56B00BBAC1A /* sphtechTests.m */ = {isa = PBXFileReference; lastKnownFileType = sourcecode.c.objc; path = sphtechTests.m; sourceTree = "<group>"; };
		C46A507021ECA56B00BBAC1A /* Info.plist */ = {isa = PBXFileReference; lastKnownFileType = text.plist.xml; path = Info.plist; sourceTree = "<group>"; };
		C46A507521ECA56B00BBAC1A /* sphtechUITests.xctest */ = {isa = PBXFileReference; explicitFileType = wrapper.cfbundle; includeInIndex = 0; path = sphtechUITests.xctest; sourceTree = BUILT_PRODUCTS_DIR; };
		C46A507921ECA56B00BBAC1A /* sphtechUITests.m */ = {isa = PBXFileReference; lastKnownFileType = sourcecode.c.objc; path = sphtechUITests.m; sourceTree = "<group>"; };
		C46A507B21ECA56B00BBAC1A /* Info.plist */ = {isa = PBXFileReference; lastKnownFileType = text.plist.xml; path = Info.plist; sourceTree = "<group>"; };
		C46A509321ECA85C00BBAC1A /* NSString+Additions.h */ = {isa = PBXFileReference; fileEncoding = 4; lastKnownFileType = sourcecode.c.h; path = "NSString+Additions.h"; sourceTree = "<group>"; };
		C46A509421ECA85C00BBAC1A /* NSObject+Cast.h */ = {isa = PBXFileReference; fileEncoding = 4; lastKnownFileType = sourcecode.c.h; path = "NSObject+Cast.h"; sourceTree = "<group>"; };
		C46A509521ECA85C00BBAC1A /* NSDateFormatter+StaticInstance.m */ = {isa = PBXFileReference; fileEncoding = 4; lastKnownFileType = sourcecode.c.objc; path = "NSDateFormatter+StaticInstance.m"; sourceTree = "<group>"; };
		C46A509621ECA85C00BBAC1A /* UIViewController+Additions.m */ = {isa = PBXFileReference; fileEncoding = 4; lastKnownFileType = sourcecode.c.objc; path = "UIViewController+Additions.m"; sourceTree = "<group>"; };
		C46A509721ECA85C00BBAC1A /* UIViewController+Additions.h */ = {isa = PBXFileReference; fileEncoding = 4; lastKnownFileType = sourcecode.c.h; path = "UIViewController+Additions.h"; sourceTree = "<group>"; };
		C46A509821ECA85C00BBAC1A /* NSDateFormatter+StaticInstance.h */ = {isa = PBXFileReference; fileEncoding = 4; lastKnownFileType = sourcecode.c.h; path = "NSDateFormatter+StaticInstance.h"; sourceTree = "<group>"; };
		C46A509921ECA85C00BBAC1A /* UIButton+Format.h */ = {isa = PBXFileReference; fileEncoding = 4; lastKnownFileType = sourcecode.c.h; path = "UIButton+Format.h"; sourceTree = "<group>"; };
		C46A509A21ECA85C00BBAC1A /* UILabel+Format.h */ = {isa = PBXFileReference; fileEncoding = 4; lastKnownFileType = sourcecode.c.h; path = "UILabel+Format.h"; sourceTree = "<group>"; };
		C46A509B21ECA85C00BBAC1A /* NSString+Additions.m */ = {isa = PBXFileReference; fileEncoding = 4; lastKnownFileType = sourcecode.c.objc; path = "NSString+Additions.m"; sourceTree = "<group>"; };
		C46A509C21ECA85D00BBAC1A /* UIColor+More.h */ = {isa = PBXFileReference; fileEncoding = 4; lastKnownFileType = sourcecode.c.h; path = "UIColor+More.h"; sourceTree = "<group>"; };
		C46A509D21ECA85D00BBAC1A /* UIAlertController+Convenience.m */ = {isa = PBXFileReference; fileEncoding = 4; lastKnownFileType = sourcecode.c.objc; path = "UIAlertController+Convenience.m"; sourceTree = "<group>"; };
		C46A509E21ECA85D00BBAC1A /* UILabel+Format.m */ = {isa = PBXFileReference; fileEncoding = 4; lastKnownFileType = sourcecode.c.objc; path = "UILabel+Format.m"; sourceTree = "<group>"; };
		C46A509F21ECA85D00BBAC1A /* UIButton+Format.m */ = {isa = PBXFileReference; fileEncoding = 4; lastKnownFileType = sourcecode.c.objc; path = "UIButton+Format.m"; sourceTree = "<group>"; };
		C46A50A021ECA85D00BBAC1A /* UIColor+More.m */ = {isa = PBXFileReference; fileEncoding = 4; lastKnownFileType = sourcecode.c.objc; path = "UIColor+More.m"; sourceTree = "<group>"; };
		C46A50A121ECA85D00BBAC1A /* NSObject+Cast.m */ = {isa = PBXFileReference; fileEncoding = 4; lastKnownFileType = sourcecode.c.objc; path = "NSObject+Cast.m"; sourceTree = "<group>"; };
		C46A50A221ECA85D00BBAC1A /* UIAlertController+Convenience.h */ = {isa = PBXFileReference; fileEncoding = 4; lastKnownFileType = sourcecode.c.h; path = "UIAlertController+Convenience.h"; sourceTree = "<group>"; };
		C46A50B321ECA98B00BBAC1A /* Constant.h */ = {isa = PBXFileReference; lastKnownFileType = sourcecode.c.h; path = Constant.h; sourceTree = "<group>"; };
		C46A50B521ECA9F800BBAC1A /* GE_Dinar_Two_Light.otf */ = {isa = PBXFileReference; lastKnownFileType = file; path = GE_Dinar_Two_Light.otf; sourceTree = "<group>"; };
		C46A50B621ECA9F800BBAC1A /* Seravek.otf */ = {isa = PBXFileReference; lastKnownFileType = file; path = Seravek.otf; sourceTree = "<group>"; };
		C46A50B721ECA9F800BBAC1A /* Seravek-Bold.otf */ = {isa = PBXFileReference; lastKnownFileType = file; path = "Seravek-Bold.otf"; sourceTree = "<group>"; };
		C46A50B821ECA9F800BBAC1A /* Seravek-LightItalic.otf */ = {isa = PBXFileReference; lastKnownFileType = file; path = "Seravek-LightItalic.otf"; sourceTree = "<group>"; };
		C46A50B921ECA9F800BBAC1A /* Seravek-ExtraLightItalic.otf */ = {isa = PBXFileReference; lastKnownFileType = file; path = "Seravek-ExtraLightItalic.otf"; sourceTree = "<group>"; };
		C46A50BA21ECA9F800BBAC1A /* Seravek-Italic.otf */ = {isa = PBXFileReference; lastKnownFileType = file; path = "Seravek-Italic.otf"; sourceTree = "<group>"; };
		C46A50BB21ECA9F800BBAC1A /* Seravek-Medium.otf */ = {isa = PBXFileReference; lastKnownFileType = file; path = "Seravek-Medium.otf"; sourceTree = "<group>"; };
		C46A50BC21ECA9F800BBAC1A /* Seravek-MediumItalic.otf */ = {isa = PBXFileReference; lastKnownFileType = file; path = "Seravek-MediumItalic.otf"; sourceTree = "<group>"; };
		C46A50BD21ECA9F800BBAC1A /* GE_Dinar_Two_Medium.otf */ = {isa = PBXFileReference; lastKnownFileType = file; path = GE_Dinar_Two_Medium.otf; sourceTree = "<group>"; };
		C46A50BE21ECA9F800BBAC1A /* Seravek-Light.otf */ = {isa = PBXFileReference; lastKnownFileType = file; path = "Seravek-Light.otf"; sourceTree = "<group>"; };
		C46A50BF21ECA9F800BBAC1A /* Seravek-ExtraLight.otf */ = {isa = PBXFileReference; lastKnownFileType = file; path = "Seravek-ExtraLight.otf"; sourceTree = "<group>"; };
		C46A50C021ECA9F800BBAC1A /* Seravek-BoldItalic.otf */ = {isa = PBXFileReference; lastKnownFileType = file; path = "Seravek-BoldItalic.otf"; sourceTree = "<group>"; };
		C46A50D921ECAA2300BBAC1A /* SpeilsConstant.h */ = {isa = PBXFileReference; lastKnownFileType = sourcecode.c.h; path = SpeilsConstant.h; sourceTree = "<group>"; };
		E3A15E23C2B82414AF0B2AC5 /* Pods-sphtech.debug.xcconfig */ = {isa = PBXFileReference; includeInIndex = 1; lastKnownFileType = text.xcconfig; name = "Pods-sphtech.debug.xcconfig"; path = "Pods/Target Support Files/Pods-sphtech/Pods-sphtech.debug.xcconfig"; sourceTree = "<group>"; };
/* End PBXFileReference section */

/* Begin PBXFrameworksBuildPhase section */
		C46A504F21ECA56A00BBAC1A /* Frameworks */ = {
			isa = PBXFrameworksBuildPhase;
			buildActionMask = 2147483647;
			files = (
				892D91734C3E00133A886FDD /* libPods-sphtech.a in Frameworks */,
			);
			runOnlyForDeploymentPostprocessing = 0;
		};
		C46A506721ECA56B00BBAC1A /* Frameworks */ = {
			isa = PBXFrameworksBuildPhase;
			buildActionMask = 2147483647;
			files = (
				DD35BF7C041322E13C18D747 /* libPods-sphtechTests.a in Frameworks */,
			);
			runOnlyForDeploymentPostprocessing = 0;
		};
		C46A507221ECA56B00BBAC1A /* Frameworks */ = {
			isa = PBXFrameworksBuildPhase;
			buildActionMask = 2147483647;
			files = (
				9D5A7D47EC87360D1E2E3E3C /* libPods-sphtechUITests.a in Frameworks */,
			);
			runOnlyForDeploymentPostprocessing = 0;
		};
/* End PBXFrameworksBuildPhase section */

/* Begin PBXGroup section */
		1410267AE88B34145961B68E /* Pods */ = {
			isa = PBXGroup;
			children = (
				E3A15E23C2B82414AF0B2AC5 /* Pods-sphtech.debug.xcconfig */,
				7ED933486340A6181482CDC1 /* Pods-sphtech.release.xcconfig */,
				965466B72329E064443A882D /* Pods-sphtechTests.debug.xcconfig */,
				4D68D04FEC42D700C81DD1AD /* Pods-sphtechTests.release.xcconfig */,
				A5E7FCB7E87EBA2158319692 /* Pods-sphtechUITests.debug.xcconfig */,
				283C6FAFFDF55FEC366886BD /* Pods-sphtechUITests.release.xcconfig */,
			);
			name = Pods;
			sourceTree = "<group>";
		};
		C46A504921ECA56A00BBAC1A = {
			isa = PBXGroup;
			children = (
				C46A505421ECA56A00BBAC1A /* sphtech */,
				C46A506D21ECA56B00BBAC1A /* sphtechTests */,
				C46A507821ECA56B00BBAC1A /* sphtechUITests */,
				C46A505321ECA56A00BBAC1A /* Products */,
				1410267AE88B34145961B68E /* Pods */,
				C4B2162C77B4BAF09A06AD88 /* Frameworks */,
			);
			sourceTree = "<group>";
		};
		C46A505321ECA56A00BBAC1A /* Products */ = {
			isa = PBXGroup;
			children = (
				C46A505221ECA56A00BBAC1A /* sphtech.app */,
				C46A506A21ECA56B00BBAC1A /* sphtechTests.xctest */,
				C46A507521ECA56B00BBAC1A /* sphtechUITests.xctest */,
			);
			name = Products;
			sourceTree = "<group>";
		};
		C46A505421ECA56A00BBAC1A /* sphtech */ = {
			isa = PBXGroup;
			children = (
				C46A509221ECA81400BBAC1A /* SupportingFiles */,
				C46A509021ECA7EA00BBAC1A /* Resources */,
				C46A508F21ECA7C500BBAC1A /* Storyboard */,
				C46A508E21ECA7AD00BBAC1A /* AppDelegate */,
				C46A508D21ECA7A200BBAC1A /* Categories */,
				C46A508C21ECA79800BBAC1A /* CustomViews */,
				C46A508B21ECA78E00BBAC1A /* Manager */,
				C46A508A21ECA78500BBAC1A /* Objects */,
				C46A508921ECA77500BBAC1A /* ViewControllers */,
				C46A508821ECA76C00BBAC1A /* Utilities */,
				C46A508721ECA75B00BBAC1A /* Vendor */,
				C46A506321ECA56B00BBAC1A /* Info.plist */,
			);
			path = sphtech;
			sourceTree = "<group>";
		};
		C46A506D21ECA56B00BBAC1A /* sphtechTests */ = {
			isa = PBXGroup;
			children = (
				C46A506E21ECA56B00BBAC1A /* sphtechTests.m */,
				C46A507021ECA56B00BBAC1A /* Info.plist */,
			);
			path = sphtechTests;
			sourceTree = "<group>";
		};
		C46A507821ECA56B00BBAC1A /* sphtechUITests */ = {
			isa = PBXGroup;
			children = (
				C46A507921ECA56B00BBAC1A /* sphtechUITests.m */,
				C46A507B21ECA56B00BBAC1A /* Info.plist */,
			);
			path = sphtechUITests;
			sourceTree = "<group>";
		};
		C46A508721ECA75B00BBAC1A /* Vendor */ = {
			isa = PBXGroup;
			children = (
			);
			path = Vendor;
			sourceTree = "<group>";
		};
		C46A508821ECA76C00BBAC1A /* Utilities */ = {
			isa = PBXGroup;
			children = (
			);
			path = Utilities;
			sourceTree = "<group>";
		};
		C46A508921ECA77500BBAC1A /* ViewControllers */ = {
			isa = PBXGroup;
			children = (
				C46A505821ECA56B00BBAC1A /* ViewController.h */,
				C46A505921ECA56B00BBAC1A /* ViewController.m */,
			);
			path = ViewControllers;
			sourceTree = "<group>";
		};
		C46A508A21ECA78500BBAC1A /* Objects */ = {
			isa = PBXGroup;
			children = (
			);
			path = Objects;
			sourceTree = "<group>";
		};
		C46A508B21ECA78E00BBAC1A /* Manager */ = {
			isa = PBXGroup;
			children = (
			);
			path = Manager;
			sourceTree = "<group>";
		};
		C46A508C21ECA79800BBAC1A /* CustomViews */ = {
			isa = PBXGroup;
			children = (
			);
			path = CustomViews;
			sourceTree = "<group>";
		};
		C46A508D21ECA7A200BBAC1A /* Categories */ = {
			isa = PBXGroup;
			children = (
				C46A509821ECA85C00BBAC1A /* NSDateFormatter+StaticInstance.h */,
				C46A509521ECA85C00BBAC1A /* NSDateFormatter+StaticInstance.m */,
				C46A509421ECA85C00BBAC1A /* NSObject+Cast.h */,
				C46A50A121ECA85D00BBAC1A /* NSObject+Cast.m */,
				C46A509321ECA85C00BBAC1A /* NSString+Additions.h */,
				C46A509B21ECA85C00BBAC1A /* NSString+Additions.m */,
				C46A50A221ECA85D00BBAC1A /* UIAlertController+Convenience.h */,
				C46A509D21ECA85D00BBAC1A /* UIAlertController+Convenience.m */,
				C46A509921ECA85C00BBAC1A /* UIButton+Format.h */,
				C46A509F21ECA85D00BBAC1A /* UIButton+Format.m */,
				C46A509C21ECA85D00BBAC1A /* UIColor+More.h */,
				C46A50A021ECA85D00BBAC1A /* UIColor+More.m */,
				C46A509A21ECA85C00BBAC1A /* UILabel+Format.h */,
				C46A509E21ECA85D00BBAC1A /* UILabel+Format.m */,
				C46A509721ECA85C00BBAC1A /* UIViewController+Additions.h */,
				C46A509621ECA85C00BBAC1A /* UIViewController+Additions.m */,
			);
			path = Categories;
			sourceTree = "<group>";
		};
		C46A508E21ECA7AD00BBAC1A /* AppDelegate */ = {
			isa = PBXGroup;
			children = (
				C46A505521ECA56B00BBAC1A /* AppDelegate.h */,
				C46A505621ECA56B00BBAC1A /* AppDelegate.m */,
			);
			path = AppDelegate;
			sourceTree = "<group>";
		};
		C46A508F21ECA7C500BBAC1A /* Storyboard */ = {
			isa = PBXGroup;
			children = (
				C46A505B21ECA56B00BBAC1A /* Main.storyboard */,
				C46A506021ECA56B00BBAC1A /* LaunchScreen.storyboard */,
			);
			path = Storyboard;
			sourceTree = "<group>";
		};
		C46A509021ECA7EA00BBAC1A /* Resources */ = {
			isa = PBXGroup;
			children = (
				C46A50B421ECA9D000BBAC1A /* Font */,
				C46A505E21ECA56B00BBAC1A /* Assets.xcassets */,
				C46A50B321ECA98B00BBAC1A /* Constant.h */,
				C46A50D921ECAA2300BBAC1A /* SpeilsConstant.h */,
			);
			path = Resources;
			sourceTree = "<group>";
		};
		C46A509221ECA81400BBAC1A /* SupportingFiles */ = {
			isa = PBXGroup;
			children = (
				C46A506421ECA56B00BBAC1A /* main.m */,
			);
			path = SupportingFiles;
			sourceTree = "<group>";
		};
		C46A50B421ECA9D000BBAC1A /* Font */ = {
			isa = PBXGroup;
			children = (
				C46A50B521ECA9F800BBAC1A /* GE_Dinar_Two_Light.otf */,
				C46A50BD21ECA9F800BBAC1A /* GE_Dinar_Two_Medium.otf */,
				C46A50B721ECA9F800BBAC1A /* Seravek-Bold.otf */,
				C46A50C021ECA9F800BBAC1A /* Seravek-BoldItalic.otf */,
				C46A50BF21ECA9F800BBAC1A /* Seravek-ExtraLight.otf */,
				C46A50B921ECA9F800BBAC1A /* Seravek-ExtraLightItalic.otf */,
				C46A50BA21ECA9F800BBAC1A /* Seravek-Italic.otf */,
				C46A50BE21ECA9F800BBAC1A /* Seravek-Light.otf */,
				C46A50B821ECA9F800BBAC1A /* Seravek-LightItalic.otf */,
				C46A50BB21ECA9F800BBAC1A /* Seravek-Medium.otf */,
				C46A50BC21ECA9F800BBAC1A /* Seravek-MediumItalic.otf */,
				C46A50B621ECA9F800BBAC1A /* Seravek.otf */,
			);
			path = Font;
			sourceTree = "<group>";
		};
		C4B2162C77B4BAF09A06AD88 /* Frameworks */ = {
			isa = PBXGroup;
			children = (
				0C59482FA9C3749426DFBD5D /* libPods-sphtech.a */,
				1B4E43B6E62E62D075BDD39F /* libPods-sphtechTests.a */,
				86E8146E62FB2D66AFE6DE8C /* libPods-sphtechUITests.a */,
			);
			name = Frameworks;
			sourceTree = "<group>";
		};
/* End PBXGroup section */

/* Begin PBXNativeTarget section */
		C46A505121ECA56A00BBAC1A /* sphtech */ = {
			isa = PBXNativeTarget;
			buildConfigurationList = C46A507E21ECA56B00BBAC1A /* Build configuration list for PBXNativeTarget "sphtech" */;
			buildPhases = (
				198A20E48DAA16B008E02F31 /* [CP] Check Pods Manifest.lock */,
				C46A504E21ECA56A00BBAC1A /* Sources */,
				C46A504F21ECA56A00BBAC1A /* Frameworks */,
				C46A505021ECA56A00BBAC1A /* Resources */,
			);
			buildRules = (
			);
			dependencies = (
			);
			name = sphtech;
			productName = sphtech;
			productReference = C46A505221ECA56A00BBAC1A /* sphtech.app */;
			productType = "com.apple.product-type.application";
		};
		C46A506921ECA56B00BBAC1A /* sphtechTests */ = {
			isa = PBXNativeTarget;
			buildConfigurationList = C46A508121ECA56B00BBAC1A /* Build configuration list for PBXNativeTarget "sphtechTests" */;
			buildPhases = (
				68181B58A16C621E13657DEF /* [CP] Check Pods Manifest.lock */,
				C46A506621ECA56B00BBAC1A /* Sources */,
				C46A506721ECA56B00BBAC1A /* Frameworks */,
				C46A506821ECA56B00BBAC1A /* Resources */,
			);
			buildRules = (
			);
			dependencies = (
				C46A506C21ECA56B00BBAC1A /* PBXTargetDependency */,
			);
			name = sphtechTests;
			productName = sphtechTests;
			productReference = C46A506A21ECA56B00BBAC1A /* sphtechTests.xctest */;
			productType = "com.apple.product-type.bundle.unit-test";
		};
		C46A507421ECA56B00BBAC1A /* sphtechUITests */ = {
			isa = PBXNativeTarget;
			buildConfigurationList = C46A508421ECA56B00BBAC1A /* Build configuration list for PBXNativeTarget "sphtechUITests" */;
			buildPhases = (
				987D52988A9A8BE4090549CE /* [CP] Check Pods Manifest.lock */,
				C46A507121ECA56B00BBAC1A /* Sources */,
				C46A507221ECA56B00BBAC1A /* Frameworks */,
				C46A507321ECA56B00BBAC1A /* Resources */,
			);
			buildRules = (
			);
			dependencies = (
				C46A507721ECA56B00BBAC1A /* PBXTargetDependency */,
			);
			name = sphtechUITests;
			productName = sphtechUITests;
			productReference = C46A507521ECA56B00BBAC1A /* sphtechUITests.xctest */;
			productType = "com.apple.product-type.bundle.ui-testing";
		};
/* End PBXNativeTarget section */

/* Begin PBXProject section */
		C46A504A21ECA56A00BBAC1A /* Project object */ = {
			isa = PBXProject;
			attributes = {
				LastUpgradeCheck = 0910;
				ORGANIZATIONNAME = "Michael Ugale";
				TargetAttributes = {
					C46A505121ECA56A00BBAC1A = {
						CreatedOnToolsVersion = 9.1;
						ProvisioningStyle = Automatic;
					};
					C46A506921ECA56B00BBAC1A = {
						CreatedOnToolsVersion = 9.1;
						ProvisioningStyle = Automatic;
						TestTargetID = C46A505121ECA56A00BBAC1A;
					};
					C46A507421ECA56B00BBAC1A = {
						CreatedOnToolsVersion = 9.1;
						ProvisioningStyle = Automatic;
						TestTargetID = C46A505121ECA56A00BBAC1A;
					};
				};
			};
			buildConfigurationList = C46A504D21ECA56A00BBAC1A /* Build configuration list for PBXProject "sphtech" */;
			compatibilityVersion = "Xcode 8.0";
			developmentRegion = en;
			hasScannedForEncodings = 0;
			knownRegions = (
				en,
				Base,
			);
			mainGroup = C46A504921ECA56A00BBAC1A;
			productRefGroup = C46A505321ECA56A00BBAC1A /* Products */;
			projectDirPath = "";
			projectRoot = "";
			targets = (
				C46A505121ECA56A00BBAC1A /* sphtech */,
				C46A506921ECA56B00BBAC1A /* sphtechTests */,
				C46A507421ECA56B00BBAC1A /* sphtechUITests */,
			);
		};
/* End PBXProject section */

/* Begin PBXResourcesBuildPhase section */
		C46A505021ECA56A00BBAC1A /* Resources */ = {
			isa = PBXResourcesBuildPhase;
			buildActionMask = 2147483647;
			files = (
				C46A50CB21ECA9F800BBAC1A /* Seravek-Italic.otf in Resources */,
				C46A50D521ECA9F900BBAC1A /* Seravek-ExtraLight.otf in Resources */,
				C46A506221ECA56B00BBAC1A /* LaunchScreen.storyboard in Resources */,
				C46A50CD21ECA9F800BBAC1A /* Seravek-Medium.otf in Resources */,
				C46A50C321ECA9F800BBAC1A /* Seravek.otf in Resources */,
				C46A50D121ECA9F800BBAC1A /* GE_Dinar_Two_Medium.otf in Resources */,
				C46A50D321ECA9F900BBAC1A /* Seravek-Light.otf in Resources */,
				C46A505F21ECA56B00BBAC1A /* Assets.xcassets in Resources */,
				C46A50CF21ECA9F800BBAC1A /* Seravek-MediumItalic.otf in Resources */,
				C46A50C921ECA9F800BBAC1A /* Seravek-ExtraLightItalic.otf in Resources */,
				C46A50C121ECA9F800BBAC1A /* GE_Dinar_Two_Light.otf in Resources */,
				C46A50C721ECA9F800BBAC1A /* Seravek-LightItalic.otf in Resources */,
				C46A50C521ECA9F800BBAC1A /* Seravek-Bold.otf in Resources */,
				C46A50D721ECA9F900BBAC1A /* Seravek-BoldItalic.otf in Resources */,
				C46A505D21ECA56B00BBAC1A /* Main.storyboard in Resources */,
			);
			runOnlyForDeploymentPostprocessing = 0;
		};
		C46A506821ECA56B00BBAC1A /* Resources */ = {
			isa = PBXResourcesBuildPhase;
			buildActionMask = 2147483647;
			files = (
				C46A50D621ECA9F900BBAC1A /* Seravek-ExtraLight.otf in Resources */,
				C46A50CE21ECA9F800BBAC1A /* Seravek-Medium.otf in Resources */,
				C46A50D221ECA9F800BBAC1A /* GE_Dinar_Two_Medium.otf in Resources */,
				C46A50C221ECA9F800BBAC1A /* GE_Dinar_Two_Light.otf in Resources */,
				C46A50C621ECA9F800BBAC1A /* Seravek-Bold.otf in Resources */,
				C46A50D421ECA9F900BBAC1A /* Seravek-Light.otf in Resources */,
				C46A50C821ECA9F800BBAC1A /* Seravek-LightItalic.otf in Resources */,
				C46A50D021ECA9F800BBAC1A /* Seravek-MediumItalic.otf in Resources */,
				C46A50CC21ECA9F800BBAC1A /* Seravek-Italic.otf in Resources */,
				C46A50CA21ECA9F800BBAC1A /* Seravek-ExtraLightItalic.otf in Resources */,
				C46A50D821ECA9F900BBAC1A /* Seravek-BoldItalic.otf in Resources */,
				C46A50C421ECA9F800BBAC1A /* Seravek.otf in Resources */,
			);
			runOnlyForDeploymentPostprocessing = 0;
		};
		C46A507321ECA56B00BBAC1A /* Resources */ = {
			isa = PBXResourcesBuildPhase;
			buildActionMask = 2147483647;
			files = (
			);
			runOnlyForDeploymentPostprocessing = 0;
		};
/* End PBXResourcesBuildPhase section */

/* Begin PBXShellScriptBuildPhase section */
		198A20E48DAA16B008E02F31 /* [CP] Check Pods Manifest.lock */ = {
			isa = PBXShellScriptBuildPhase;
			buildActionMask = 2147483647;
			files = (
			);
			inputPaths = (
				"${PODS_PODFILE_DIR_PATH}/Podfile.lock",
				"${PODS_ROOT}/Manifest.lock",
			);
			name = "[CP] Check Pods Manifest.lock";
			outputPaths = (
				"$(DERIVED_FILE_DIR)/Pods-sphtech-checkManifestLockResult.txt",
			);
			runOnlyForDeploymentPostprocessing = 0;
			shellPath = /bin/sh;
			shellScript = "diff \"${PODS_PODFILE_DIR_PATH}/Podfile.lock\" \"${PODS_ROOT}/Manifest.lock\" > /dev/null\nif [ $? != 0 ] ; then\n    # print error to STDERR\n    echo \"error: The sandbox is not in sync with the Podfile.lock. Run 'pod install' or update your CocoaPods installation.\" >&2\n    exit 1\nfi\n# This output is used by Xcode 'outputs' to avoid re-running this script phase.\necho \"SUCCESS\" > \"${SCRIPT_OUTPUT_FILE_0}\"\n";
			showEnvVarsInLog = 0;
		};
		68181B58A16C621E13657DEF /* [CP] Check Pods Manifest.lock */ = {
			isa = PBXShellScriptBuildPhase;
			buildActionMask = 2147483647;
			files = (
			);
			inputPaths = (
				"${PODS_PODFILE_DIR_PATH}/Podfile.lock",
				"${PODS_ROOT}/Manifest.lock",
			);
			name = "[CP] Check Pods Manifest.lock";
			outputPaths = (
				"$(DERIVED_FILE_DIR)/Pods-sphtechTests-checkManifestLockResult.txt",
			);
			runOnlyForDeploymentPostprocessing = 0;
			shellPath = /bin/sh;
			shellScript = "diff \"${PODS_PODFILE_DIR_PATH}/Podfile.lock\" \"${PODS_ROOT}/Manifest.lock\" > /dev/null\nif [ $? != 0 ] ; then\n    # print error to STDERR\n    echo \"error: The sandbox is not in sync with the Podfile.lock. Run 'pod install' or update your CocoaPods installation.\" >&2\n    exit 1\nfi\n# This output is used by Xcode 'outputs' to avoid re-running this script phase.\necho \"SUCCESS\" > \"${SCRIPT_OUTPUT_FILE_0}\"\n";
			showEnvVarsInLog = 0;
		};
		987D52988A9A8BE4090549CE /* [CP] Check Pods Manifest.lock */ = {
			isa = PBXShellScriptBuildPhase;
			buildActionMask = 2147483647;
			files = (
			);
			inputPaths = (
				"${PODS_PODFILE_DIR_PATH}/Podfile.lock",
				"${PODS_ROOT}/Manifest.lock",
			);
			name = "[CP] Check Pods Manifest.lock";
			outputPaths = (
				"$(DERIVED_FILE_DIR)/Pods-sphtechUITests-checkManifestLockResult.txt",
			);
			runOnlyForDeploymentPostprocessing = 0;
			shellPath = /bin/sh;
			shellScript = "diff \"${PODS_PODFILE_DIR_PATH}/Podfile.lock\" \"${PODS_ROOT}/Manifest.lock\" > /dev/null\nif [ $? != 0 ] ; then\n    # print error to STDERR\n    echo \"error: The sandbox is not in sync with the Podfile.lock. Run 'pod install' or update your CocoaPods installation.\" >&2\n    exit 1\nfi\n# This output is used by Xcode 'outputs' to avoid re-running this script phase.\necho \"SUCCESS\" > \"${SCRIPT_OUTPUT_FILE_0}\"\n";
			showEnvVarsInLog = 0;
		};
/* End PBXShellScriptBuildPhase section */

/* Begin PBXSourcesBuildPhase section */
		C46A504E21ECA56A00BBAC1A /* Sources */ = {
			isa = PBXSourcesBuildPhase;
			buildActionMask = 2147483647;
			files = (
				C46A50A321ECA85D00BBAC1A /* NSDateFormatter+StaticInstance.m in Sources */,
				C46A505A21ECA56B00BBAC1A /* ViewController.m in Sources */,
				C46A50AD21ECA85D00BBAC1A /* UIButton+Format.m in Sources */,
				C46A506521ECA56B00BBAC1A /* main.m in Sources */,
				C46A50AF21ECA85D00BBAC1A /* UIColor+More.m in Sources */,
				C46A505721ECA56B00BBAC1A /* AppDelegate.m in Sources */,
				C46A50A521ECA85D00BBAC1A /* UIViewController+Additions.m in Sources */,
				C46A50B121ECA85D00BBAC1A /* NSObject+Cast.m in Sources */,
				C46A50AB21ECA85D00BBAC1A /* UILabel+Format.m in Sources */,
				C46A50A721ECA85D00BBAC1A /* NSString+Additions.m in Sources */,
				C46A50A921ECA85D00BBAC1A /* UIAlertController+Convenience.m in Sources */,
			);
			runOnlyForDeploymentPostprocessing = 0;
		};
		C46A506621ECA56B00BBAC1A /* Sources */ = {
			isa = PBXSourcesBuildPhase;
			buildActionMask = 2147483647;
			files = (
				C46A50A621ECA85D00BBAC1A /* UIViewController+Additions.m in Sources */,
				C46A50A821ECA85D00BBAC1A /* NSString+Additions.m in Sources */,
				C46A50AE21ECA85D00BBAC1A /* UIButton+Format.m in Sources */,
				C46A50A421ECA85D00BBAC1A /* NSDateFormatter+StaticInstance.m in Sources */,
				C46A50B021ECA85D00BBAC1A /* UIColor+More.m in Sources */,
				C46A50AC21ECA85D00BBAC1A /* UILabel+Format.m in Sources */,
				C46A50AA21ECA85D00BBAC1A /* UIAlertController+Convenience.m in Sources */,
				C46A50B221ECA85D00BBAC1A /* NSObject+Cast.m in Sources */,
				C46A506F21ECA56B00BBAC1A /* sphtechTests.m in Sources */,
			);
			runOnlyForDeploymentPostprocessing = 0;
		};
		C46A507121ECA56B00BBAC1A /* Sources */ = {
			isa = PBXSourcesBuildPhase;
			buildActionMask = 2147483647;
			files = (
				C46A507A21ECA56B00BBAC1A /* sphtechUITests.m in Sources */,
			);
			runOnlyForDeploymentPostprocessing = 0;
		};
/* End PBXSourcesBuildPhase section */

/* Begin PBXTargetDependency section */
		C46A506C21ECA56B00BBAC1A /* PBXTargetDependency */ = {
			isa = PBXTargetDependency;
			target = C46A505121ECA56A00BBAC1A /* sphtech */;
			targetProxy = C46A506B21ECA56B00BBAC1A /* PBXContainerItemProxy */;
		};
		C46A507721ECA56B00BBAC1A /* PBXTargetDependency */ = {
			isa = PBXTargetDependency;
			target = C46A505121ECA56A00BBAC1A /* sphtech */;
			targetProxy = C46A507621ECA56B00BBAC1A /* PBXContainerItemProxy */;
		};
/* End PBXTargetDependency section */

/* Begin PBXVariantGroup section */
		C46A505B21ECA56B00BBAC1A /* Main.storyboard */ = {
			isa = PBXVariantGroup;
			children = (
				C46A505C21ECA56B00BBAC1A /* Base */,
			);
			name = Main.storyboard;
			sourceTree = "<group>";
		};
		C46A506021ECA56B00BBAC1A /* LaunchScreen.storyboard */ = {
			isa = PBXVariantGroup;
			children = (
				C46A506121ECA56B00BBAC1A /* Base */,
			);
			name = LaunchScreen.storyboard;
			sourceTree = "<group>";
		};
/* End PBXVariantGroup section */

/* Begin XCBuildConfiguration section */
		C46A507C21ECA56B00BBAC1A /* Debug */ = {
			isa = XCBuildConfiguration;
			buildSettings = {
				ALWAYS_SEARCH_USER_PATHS = NO;
				CLANG_ANALYZER_NONNULL = YES;
				CLANG_ANALYZER_NUMBER_OBJECT_CONVERSION = YES_AGGRESSIVE;
				CLANG_CXX_LANGUAGE_STANDARD = "gnu++14";
				CLANG_CXX_LIBRARY = "libc++";
				CLANG_ENABLE_MODULES = YES;
				CLANG_ENABLE_OBJC_ARC = YES;
				CLANG_WARN_BLOCK_CAPTURE_AUTORELEASING = YES;
				CLANG_WARN_BOOL_CONVERSION = YES;
				CLANG_WARN_COMMA = YES;
				CLANG_WARN_CONSTANT_CONVERSION = YES;
				CLANG_WARN_DIRECT_OBJC_ISA_USAGE = YES_ERROR;
				CLANG_WARN_DOCUMENTATION_COMMENTS = YES;
				CLANG_WARN_EMPTY_BODY = YES;
				CLANG_WARN_ENUM_CONVERSION = YES;
				CLANG_WARN_INFINITE_RECURSION = YES;
				CLANG_WARN_INT_CONVERSION = YES;
				CLANG_WARN_NON_LITERAL_NULL_CONVERSION = YES;
				CLANG_WARN_OBJC_LITERAL_CONVERSION = YES;
				CLANG_WARN_OBJC_ROOT_CLASS = YES_ERROR;
				CLANG_WARN_RANGE_LOOP_ANALYSIS = YES;
				CLANG_WARN_STRICT_PROTOTYPES = YES;
				CLANG_WARN_SUSPICIOUS_MOVE = YES;
				CLANG_WARN_UNGUARDED_AVAILABILITY = YES_AGGRESSIVE;
				CLANG_WARN_UNREACHABLE_CODE = YES;
				CLANG_WARN__DUPLICATE_METHOD_MATCH = YES;
				CODE_SIGN_IDENTITY = "iPhone Developer";
				COPY_PHASE_STRIP = NO;
				DEBUG_INFORMATION_FORMAT = dwarf;
				ENABLE_STRICT_OBJC_MSGSEND = YES;
				ENABLE_TESTABILITY = YES;
				GCC_C_LANGUAGE_STANDARD = gnu11;
				GCC_DYNAMIC_NO_PIC = NO;
				GCC_NO_COMMON_BLOCKS = YES;
				GCC_OPTIMIZATION_LEVEL = 0;
				GCC_PREPROCESSOR_DEFINITIONS = (
					"DEBUG=1",
					"$(inherited)",
				);
				GCC_WARN_64_TO_32_BIT_CONVERSION = YES;
				GCC_WARN_ABOUT_RETURN_TYPE = YES_ERROR;
				GCC_WARN_UNDECLARED_SELECTOR = YES;
				GCC_WARN_UNINITIALIZED_AUTOS = YES_AGGRESSIVE;
				GCC_WARN_UNUSED_FUNCTION = YES;
				GCC_WARN_UNUSED_VARIABLE = YES;
				IPHONEOS_DEPLOYMENT_TARGET = 11.1;
				MTL_ENABLE_DEBUG_INFO = YES;
				ONLY_ACTIVE_ARCH = YES;
				SDKROOT = iphoneos;
			};
			name = Debug;
		};
		C46A507D21ECA56B00BBAC1A /* Release */ = {
			isa = XCBuildConfiguration;
			buildSettings = {
				ALWAYS_SEARCH_USER_PATHS = NO;
				CLANG_ANALYZER_NONNULL = YES;
				CLANG_ANALYZER_NUMBER_OBJECT_CONVERSION = YES_AGGRESSIVE;
				CLANG_CXX_LANGUAGE_STANDARD = "gnu++14";
				CLANG_CXX_LIBRARY = "libc++";
				CLANG_ENABLE_MODULES = YES;
				CLANG_ENABLE_OBJC_ARC = YES;
				CLANG_WARN_BLOCK_CAPTURE_AUTORELEASING = YES;
				CLANG_WARN_BOOL_CONVERSION = YES;
				CLANG_WARN_COMMA = YES;
				CLANG_WARN_CONSTANT_CONVERSION = YES;
				CLANG_WARN_DIRECT_OBJC_ISA_USAGE = YES_ERROR;
				CLANG_WARN_DOCUMENTATION_COMMENTS = YES;
				CLANG_WARN_EMPTY_BODY = YES;
				CLANG_WARN_ENUM_CONVERSION = YES;
				CLANG_WARN_INFINITE_RECURSION = YES;
				CLANG_WARN_INT_CONVERSION = YES;
				CLANG_WARN_NON_LITERAL_NULL_CONVERSION = YES;
				CLANG_WARN_OBJC_LITERAL_CONVERSION = YES;
				CLANG_WARN_OBJC_ROOT_CLASS = YES_ERROR;
				CLANG_WARN_RANGE_LOOP_ANALYSIS = YES;
				CLANG_WARN_STRICT_PROTOTYPES = YES;
				CLANG_WARN_SUSPICIOUS_MOVE = YES;
				CLANG_WARN_UNGUARDED_AVAILABILITY = YES_AGGRESSIVE;
				CLANG_WARN_UNREACHABLE_CODE = YES;
				CLANG_WARN__DUPLICATE_METHOD_MATCH = YES;
				CODE_SIGN_IDENTITY = "iPhone Developer";
				COPY_PHASE_STRIP = NO;
				DEBUG_INFORMATION_FORMAT = "dwarf-with-dsym";
				ENABLE_NS_ASSERTIONS = NO;
				ENABLE_STRICT_OBJC_MSGSEND = YES;
				GCC_C_LANGUAGE_STANDARD = gnu11;
				GCC_NO_COMMON_BLOCKS = YES;
				GCC_WARN_64_TO_32_BIT_CONVERSION = YES;
				GCC_WARN_ABOUT_RETURN_TYPE = YES_ERROR;
				GCC_WARN_UNDECLARED_SELECTOR = YES;
				GCC_WARN_UNINITIALIZED_AUTOS = YES_AGGRESSIVE;
				GCC_WARN_UNUSED_FUNCTION = YES;
				GCC_WARN_UNUSED_VARIABLE = YES;
				IPHONEOS_DEPLOYMENT_TARGET = 11.1;
				MTL_ENABLE_DEBUG_INFO = NO;
				SDKROOT = iphoneos;
				VALIDATE_PRODUCT = YES;
			};
			name = Release;
		};
		C46A507F21ECA56B00BBAC1A /* Debug */ = {
			isa = XCBuildConfiguration;
			baseConfigurationReference = E3A15E23C2B82414AF0B2AC5 /* Pods-sphtech.debug.xcconfig */;
			buildSettings = {
				ASSETCATALOG_COMPILER_APPICON_NAME = AppIcon;
				CODE_SIGN_STYLE = Automatic;
				INFOPLIST_FILE = sphtech/Info.plist;
				LD_RUNPATH_SEARCH_PATHS = "$(inherited) @executable_path/Frameworks";
				PRODUCT_BUNDLE_IDENTIFIER = com.sample.www.sphtech;
				PRODUCT_NAME = "$(TARGET_NAME)";
				TARGETED_DEVICE_FAMILY = "1,2";
			};
			name = Debug;
		};
		C46A508021ECA56B00BBAC1A /* Release */ = {
			isa = XCBuildConfiguration;
			baseConfigurationReference = 7ED933486340A6181482CDC1 /* Pods-sphtech.release.xcconfig */;
			buildSettings = {
				ASSETCATALOG_COMPILER_APPICON_NAME = AppIcon;
				CODE_SIGN_STYLE = Automatic;
				INFOPLIST_FILE = sphtech/Info.plist;
				LD_RUNPATH_SEARCH_PATHS = "$(inherited) @executable_path/Frameworks";
				PRODUCT_BUNDLE_IDENTIFIER = com.sample.www.sphtech;
				PRODUCT_NAME = "$(TARGET_NAME)";
				TARGETED_DEVICE_FAMILY = "1,2";
			};
			name = Release;
		};
		C46A508221ECA56B00BBAC1A /* Debug */ = {
			isa = XCBuildConfiguration;
			baseConfigurationReference = 965466B72329E064443A882D /* Pods-sphtechTests.debug.xcconfig */;
			buildSettings = {
				BUNDLE_LOADER = "$(TEST_HOST)";
				CODE_SIGN_STYLE = Automatic;
				INFOPLIST_FILE = sphtechTests/Info.plist;
				LD_RUNPATH_SEARCH_PATHS = "$(inherited) @executable_path/Frameworks @loader_path/Frameworks";
				PRODUCT_BUNDLE_IDENTIFIER = com.sample.www.sphtechTests;
				PRODUCT_NAME = "$(TARGET_NAME)";
				TARGETED_DEVICE_FAMILY = "1,2";
				TEST_HOST = "$(BUILT_PRODUCTS_DIR)/sphtech.app/sphtech";
			};
			name = Debug;
		};
		C46A508321ECA56B00BBAC1A /* Release */ = {
			isa = XCBuildConfiguration;
			baseConfigurationReference = 4D68D04FEC42D700C81DD1AD /* Pods-sphtechTests.release.xcconfig */;
			buildSettings = {
				BUNDLE_LOADER = "$(TEST_HOST)";
				CODE_SIGN_STYLE = Automatic;
				INFOPLIST_FILE = sphtechTests/Info.plist;
				LD_RUNPATH_SEARCH_PATHS = "$(inherited) @executable_path/Frameworks @loader_path/Frameworks";
				PRODUCT_BUNDLE_IDENTIFIER = com.sample.www.sphtechTests;
				PRODUCT_NAME = "$(TARGET_NAME)";
				TARGETED_DEVICE_FAMILY = "1,2";
				TEST_HOST = "$(BUILT_PRODUCTS_DIR)/sphtech.app/sphtech";
			};
			name = Release;
		};
		C46A508521ECA56B00BBAC1A /* Debug */ = {
			isa = XCBuildConfiguration;
			baseConfigurationReference = A5E7FCB7E87EBA2158319692 /* Pods-sphtechUITests.debug.xcconfig */;
			buildSettings = {
				CODE_SIGN_STYLE = Automatic;
				INFOPLIST_FILE = sphtechUITests/Info.plist;
				LD_RUNPATH_SEARCH_PATHS = "$(inherited) @executable_path/Frameworks @loader_path/Frameworks";
				PRODUCT_BUNDLE_IDENTIFIER = com.sample.www.sphtechUITests;
				PRODUCT_NAME = "$(TARGET_NAME)";
				TARGETED_DEVICE_FAMILY = "1,2";
				TEST_TARGET_NAME = sphtech;
			};
			name = Debug;
		};
		C46A508621ECA56B00BBAC1A /* Release */ = {
			isa = XCBuildConfiguration;
			baseConfigurationReference = 283C6FAFFDF55FEC366886BD /* Pods-sphtechUITests.release.xcconfig */;
			buildSettings = {
				CODE_SIGN_STYLE = Automatic;
				INFOPLIST_FILE = sphtechUITests/Info.plist;
				LD_RUNPATH_SEARCH_PATHS = "$(inherited) @executable_path/Frameworks @loader_path/Frameworks";
				PRODUCT_BUNDLE_IDENTIFIER = com.sample.www.sphtechUITests;
				PRODUCT_NAME = "$(TARGET_NAME)";
				TARGETED_DEVICE_FAMILY = "1,2";
				TEST_TARGET_NAME = sphtech;
			};
			name = Release;
		};
/* End XCBuildConfiguration section */

/* Begin XCConfigurationList section */
		C46A504D21ECA56A00BBAC1A /* Build configuration list for PBXProject "sphtech" */ = {
			isa = XCConfigurationList;
			buildConfigurations = (
				C46A507C21ECA56B00BBAC1A /* Debug */,
				C46A507D21ECA56B00BBAC1A /* Release */,
			);
			defaultConfigurationIsVisible = 0;
			defaultConfigurationName = Release;
		};
		C46A507E21ECA56B00BBAC1A /* Build configuration list for PBXNativeTarget "sphtech" */ = {
			isa = XCConfigurationList;
			buildConfigurations = (
				C46A507F21ECA56B00BBAC1A /* Debug */,
				C46A508021ECA56B00BBAC1A /* Release */,
			);
			defaultConfigurationIsVisible = 0;
			defaultConfigurationName = Release;
		};
		C46A508121ECA56B00BBAC1A /* Build configuration list for PBXNativeTarget "sphtechTests" */ = {
			isa = XCConfigurationList;
			buildConfigurations = (
				C46A508221ECA56B00BBAC1A /* Debug */,
				C46A508321ECA56B00BBAC1A /* Release */,
			);
			defaultConfigurationIsVisible = 0;
			defaultConfigurationName = Release;
		};
		C46A508421ECA56B00BBAC1A /* Build configuration list for PBXNativeTarget "sphtechUITests" */ = {
			isa = XCConfigurationList;
			buildConfigurations = (
				C46A508521ECA56B00BBAC1A /* Debug */,
				C46A508621ECA56B00BBAC1A /* Release */,
			);
			defaultConfigurationIsVisible = 0;
			defaultConfigurationName = Release;
		};
/* End XCConfigurationList section */
	};
	rootObject = C46A504A21ECA56A00BBAC1A /* Project object */;
}
